{
  "name": "video-thumb-grid",
  "version": "0.3.0",
  "lockfileVersion": 1,
  "requires": true,
  "dependencies": {
    "assertion-error": {
      "version": "1.0.0",
      "resolved": "https://registry.npmjs.org/assertion-error/-/assertion-error-1.0.0.tgz",
      "integrity": "sha1-x/hUOP3UZrx8oWq5DIFRN5el0js="
    },
    "chai": {
      "version": "1.7.2",
      "resolved": "https://registry.npmjs.org/chai/-/chai-1.7.2.tgz",
      "integrity": "sha1-ugfr1OGsE4opbN9pB3znS39KExc=",
      "requires": {
        "assertion-error": "1.0.0"
      }
    },
    "debug": {
      "version": "2.2.0",
      "resolved": "https://registry.npmjs.org/debug/-/debug-2.2.0.tgz",
      "integrity": "sha1-+HBX6ZWxofauaklgZkE3vFbwOdo=",
      "requires": {
        "ms": "0.7.1"
      }
    },
    "jpeg-stream": {
      "version": "0.1.0",
      "resolved": "https://registry.npmjs.org/jpeg-stream/-/jpeg-stream-0.1.0.tgz",
      "integrity": "sha1-sysk+/PZ/3mjEy1tguqu5hLvxLo="
    },
    "ms": {
      "version": "0.7.1",
      "resolved": "https://registry.npmjs.org/ms/-/ms-0.7.1.tgz",
      "integrity": "sha1-nNE8A62/8ltl7/3nzoZO6VIBcJg="
    },
    "nan": {
      "version": "2.14.2",
      "resolved": "https://registry.npmjs.org/nan/-/nan-2.14.2.tgz",
      "integrity": "sha512-M2ufzIiINKCuDfBSAUr1vWQ+vuVcA9kqx8JJUsbQi6yf1uGRyb7HfpdfUr5qLXf3B/t8dPvcjhKMmlfnP47EzQ=="
    },
    "picha": {
      "version": "0.5.4",
      "resolved": "https://registry.npmjs.org/picha/-/picha-0.5.4.tgz",
      "integrity": "sha512-iEG8/vZtlYrftwzxFgTLxP+IforkmDCjtM3wHkY1c9WB6uGZ1WVt5rQrCA5JF4CRFTlLZahy+cUu6Dl7z2+c9Q==",
      "requires": {
        "nan": "^2.14.1"
      }
    },
    "pixel-stack": {
      "version": "0.2.1",
      "resolved": "https://registry.npmjs.org/pixel-stack/-/pixel-stack-0.2.1.tgz",
      "integrity": "sha1-cmwLenx1BjxY2QRrAcWQPWNZyEY="
    },
    "timecodeutils": {
      "version": "0.0.1",
      "resolved": "https://registry.npmjs.org/timecodeutils/-/timecodeutils-0.0.1.tgz",
      "integrity": "sha1-mqjNgkcE999EDft8Rh/5/rnPfhY=",
      "requires": {
        "chai": "~1.7.2"
      }
    }
  }
}
